
Microsoft Visual Studio Solution File, Format Version 12.00
# Visual Studio Version 16
VisualStudioVersion = 16.0.30717.126
MinimumVisualStudioVersion = 10.0.40219.1
Project("{9A19103F-16F7-4668-BE54-9A1E7A4F7556}") = "Ships", "Ships\Ships.csproj", "{9E431D5A-DC83-4902-ABB9-0668A3F49C3C}"
EndProject
Project("{9A19103F-16F7-4668-BE54-9A1E7A4F7556}") = "ScreenGenerator", "ScreenGenerator\ScreenGenerator.csproj", "{C499326A-EBC5-4568-9D2D-7D78FAA38ACF}"
EndProject
Project("{9A19103F-16F7-4668-BE54-9A1E7A4F7556}") = "ShipsEngine", "ShipsEngine\ShipsEngine.csproj", "{443F44EC-CC45-4EA2-AD64-2E0109F37CB5}"
EndProject
Project("{9A19103F-16F7-4668-BE54-9A1E7A4F7556}") = "EngineUnitTest", "EngineUnitTest\EngineUnitTest.csproj", "{EE883022-638F-430D-9099-D73380332B87}"
EndProject
Project("{FAE04EC0-301F-11D3-BF4B-00C04F79EFBC}") = "ShipsConsole", "ShipsConsole\ShipsConsole.csproj", "{83C50648-9F9E-4985-B224-E2D01A98C4B4}"
EndProject
Global
	GlobalSection(SolutionConfigurationPlatforms) = preSolution
		Debug|Any CPU = Debug|Any CPU
		Release|Any CPU = Release|Any CPU
	EndGlobalSection
	GlobalSection(ProjectConfigurationPlatforms) = postSolution
		{9E431D5A-DC83-4902-ABB9-0668A3F49C3C}.Debug|Any CPU.ActiveCfg = Debug|Any CPU
		{9E431D5A-DC83-4902-ABB9-0668A3F49C3C}.Debug|Any CPU.Build.0 = Debug|Any CPU
		{9E431D5A-DC83-4902-ABB9-0668A3F49C3C}.Release|Any CPU.ActiveCfg = Release|Any CPU
		{9E431D5A-DC83-4902-ABB9-0668A3F49C3C}.Release|Any CPU.Build.0 = Release|Any CPU
		{C499326A-EBC5-4568-9D2D-7D78FAA38ACF}.Debug|Any CPU.ActiveCfg = Debug|Any CPU
		{C499326A-EBC5-4568-9D2D-7D78FAA38ACF}.Debug|Any CPU.Build.0 = Debug|Any CPU
		{C499326A-EBC5-4568-9D2D-7D78FAA38ACF}.Release|Any CPU.ActiveCfg = Release|Any CPU
		{C499326A-EBC5-4568-9D2D-7D78FAA38ACF}.Release|Any CPU.Build.0 = Release|Any CPU
		{443F44EC-CC45-4EA2-AD64-2E0109F37CB5}.Debug|Any CPU.ActiveCfg = Debug|Any CPU
		{443F44EC-CC45-4EA2-AD64-2E0109F37CB5}.Debug|Any CPU.Build.0 = Debug|Any CPU
		{443F44EC-CC45-4EA2-AD64-2E0109F37CB5}.Release|Any CPU.ActiveCfg = Release|Any CPU
		{443F44EC-CC45-4EA2-AD64-2E0109F37CB5}.Release|Any CPU.Build.0 = Release|Any CPU
		{EE883022-638F-430D-9099-D73380332B87}.Debug|Any CPU.ActiveCfg = Debug|Any CPU
		{EE883022-638F-430D-9099-D73380332B87}.Debug|Any CPU.Build.0 = Debug|Any CPU
		{EE883022-638F-430D-9099-D73380332B87}.Release|Any CPU.ActiveCfg = Release|Any CPU
		{EE883022-638F-430D-9099-D73380332B87}.Release|Any CPU.Build.0 = Release|Any CPU
		{83C50648-9F9E-4985-B224-E2D01A98C4B4}.Debug|Any CPU.ActiveCfg = Debug|Any CPU
		{83C50648-9F9E-4985-B224-E2D01A98C4B4}.Debug|Any CPU.Build.0 = Debug|Any CPU
		{83C50648-9F9E-4985-B224-E2D01A98C4B4}.Release|Any CPU.ActiveCfg = Release|Any CPU
		{83C50648-9F9E-4985-B224-E2D01A98C4B4}.Release|Any CPU.Build.0 = Release|Any CPU
	EndGlobalSection
	GlobalSection(SolutionProperties) = preSolution
		HideSolutionNode = FALSE
	EndGlobalSection
	GlobalSection(ExtensibilityGlobals) = postSolution
		SolutionGuid = {E900E583-0FB8-40F0-90F0-787E33CC8285}
	EndGlobalSection
EndGlobal
